{
  "originHash" : "482cd42059707a0b685bbd7a4917feab697f3573a68796f6066017d17cf88a1d",
  "pins" : [
    {
      "identity" : "dynamic-landing",
      "kind" : "remoteSourceControl",
      "location" : "https://github.com/bring-shrubbery/dynamic-landing",
      "state" : {
        "revision" : "c67523c84fdc1e99c1f54af050342442ceca4bfb",
        "version" : "0.2.0"
      }
    },
    {
      "identity" : "sparkle",
      "kind" : "remoteSourceControl",
      "location" : "https://github.com/sparkle-project/Sparkle",
      "state" : {
        "revision" : "eef1a539a373c1f1a320624b1130fc5de7b2e100",
        "version" : "2.10.0"
      }
    }
  ],
  "version" : 3
}
