{
  "originHash" : "71e4126b23cc682de56894b8b125e01bfe5a3b72a5a9b662d6bdfc27fafd9ca4",
  "pins" : [
    {
      "identity" : "dynamic-landing",
      "kind" : "remoteSourceControl",
      "location" : "https://github.com/bring-shrubbery/dynamic-landing",
      "state" : {
        "revision" : "f24f0014fbdc3589eab41b021adaa81215cc9448",
        "version" : "0.1.4"
      }
    },
    {
      "identity" : "sparkle",
      "kind" : "remoteSourceControl",
      "location" : "https://github.com/sparkle-project/Sparkle",
      "state" : {
        "revision" : "eef1a539a373c1f1a320624b1130fc5de7b2e100",
        "version" : "2.10.0"
      }
    }
  ],
  "version" : 3
}
